PODS:
  - TDPresetTemplate (1.0.0):
    - ThinkingDataCore (~> 1.0.1)
  - ThinkingDataCore (1.0.1):
    - ThinkingDataCore/Main (= 1.0.1)
  - ThinkingDataCore/iOS (1.0.1)
  - ThinkingDataCore/Main (1.0.1):
    - ThinkingDataCore/iOS
    - ThinkingDataCore/OSX
  - ThinkingSDK (3.0.1-beta.1):
    - ThinkingSDK/Main (= 3.0.1-beta.1)
  - ThinkingSDK/iOS (3.0.1-beta.1):
    - ThinkingDataCore (= 1.0.1)
  - ThinkingSDK/Main (3.0.1-beta.1):
    - ThinkingSDK/iOS
    - ThinkingSDK/OSX

DEPENDENCIES:
  - TDPresetTemplate (from `../`)
  - ThinkingSDK (= 3.0.1-beta.1)

SPEC REPOS:
  trunk:
    - ThinkingDataCore
    - ThinkingSDK

EXTERNAL SOURCES:
  TDPresetTemplate:
    :path: "../"

SPEC CHECKSUMS:
  TDPresetTemplate: 684f75a2a611d843ea1de00ba93716ff232783e7
  ThinkingDataCore: 1ef8b754e80718e0533503d95045ab8a7e3ea6b3
  ThinkingSDK: d509b57cd0438e3120eca032572a6e8d9ae77171

PODFILE CHECKSUM: 0ad01e473b8d2b388733f3a68598d45bf5b43b84

COCOAPODS: 1.12.0
