PODS:
  - TDPresetTemplate (1.0.0):
    - ThinkingSDK (>= 3.0.0)
  - ThinkingDataCore (1.0.1):
    - ThinkingDataCore/Main (= 1.0.1)
  - ThinkingDataCore/iOS (1.0.1)
  - ThinkingDataCore/Main (1.0.1):
    - ThinkingDataCore/iOS
    - ThinkingDataCore/OSX
  - ThinkingSDK (3.0.0):
    - ThinkingSDK/Main (= 3.0.0)
  - ThinkingSDK/iOS (3.0.0):
    - ThinkingDataCore (= 1.0.1)
  - ThinkingSDK/Main (3.0.0):
    - ThinkingSDK/iOS
    - ThinkingSDK/OSX

DEPENDENCIES:
  - TDPresetTemplate (from `../`)

SPEC REPOS:
  trunk:
    - ThinkingDataCore
    - ThinkingSDK

EXTERNAL SOURCES:
  TDPresetTemplate:
    :path: "../"

SPEC CHECKSUMS:
  TDPresetTemplate: 1a8da417edd83266e5777a459a794b3f6c14c9e6
  ThinkingDataCore: 1ef8b754e80718e0533503d95045ab8a7e3ea6b3
  ThinkingSDK: ecec6cf436519f8abbc3dcf755d929386894677d

PODFILE CHECKSUM: ef5be405b50c639e85965cf051c640d208e2ab7b

COCOAPODS: 1.12.0
