// !$*UTF8*$!
{
	archiveVersion = 1;
	classes = {
	};
	objectVersion = 56;
	objects = {

/* Begin PBXBuildFile section */
		6955A2DB2AE8BDD0009A46B9 /* AppDelegate.m in Sources */ = {isa = PBXBuildFile; fileRef = 6955A2DA2AE8BDD0009A46B9 /* AppDelegate.m */; };
		6955A2DE2AE8BDD0009A46B9 /* SceneDelegate.m in Sources */ = {isa = PBXBuildFile; fileRef = 6955A2DD2AE8BDD0009A46B9 /* SceneDelegate.m */; };
		6955A2E12AE8BDD0009A46B9 /* ViewController.m in Sources */ = {isa = PBXBuildFile; fileRef = 6955A2E02AE8BDD0009A46B9 /* ViewController.m */; };
		6955A2E42AE8BDD0009A46B9 /* Main.storyboard in Resources */ = {isa = PBXBuildFile; fileRef = 6955A2E22AE8BDD0009A46B9 /* Main.storyboard */; };
		6955A2E62AE8BDD1009A46B9 /* Assets.xcassets in Resources */ = {isa = PBXBuildFile; fileRef = 6955A2E52AE8BDD1009A46B9 /* Assets.xcassets */; };
		6955A2E92AE8BDD1009A46B9 /* LaunchScreen.storyboard in Resources */ = {isa = PBXBuildFile; fileRef = 6955A2E72AE8BDD1009A46B9 /* LaunchScreen.storyboard */; };
		6955A2EC2AE8BDD1009A46B9 /* main.m in Sources */ = {isa = PBXBuildFile; fileRef = 6955A2EB2AE8BDD1009A46B9 /* main.m */; };
		7EC1E1448F0E472B3A831D36 /* Pods_PresetTemplateDemo.framework in Frameworks */ = {isa = PBXBuildFile; fileRef = BEC3C8DF2F1B008888EF753E /* Pods_PresetTemplateDemo.framework */; };
/* End PBXBuildFile section */

/* Begin PBXFileReference section */
		43C515BCAF64DD6FF2B75257 /* Pods-PresetTemplateDemo.release.xcconfig */ = {isa = PBXFileReference; includeInIndex = 1; lastKnownFileType = text.xcconfig; name = "Pods-PresetTemplateDemo.release.xcconfig"; path = "Target Support Files/Pods-PresetTemplateDemo/Pods-PresetTemplateDemo.release.xcconfig"; sourceTree = "<group>"; };
		6955A2D62AE8BDD0009A46B9 /* PresetTemplateDemo.app */ = {isa = PBXFileReference; explicitFileType = wrapper.application; includeInIndex = 0; path = PresetTemplateDemo.app; sourceTree = BUILT_PRODUCTS_DIR; };
		6955A2D92AE8BDD0009A46B9 /* AppDelegate.h */ = {isa = PBXFileReference; lastKnownFileType = sourcecode.c.h; path = AppDelegate.h; sourceTree = "<group>"; };
		6955A2DA2AE8BDD0009A46B9 /* AppDelegate.m */ = {isa = PBXFileReference; lastKnownFileType = sourcecode.c.objc; path = AppDelegate.m; sourceTree = "<group>"; };
		6955A2DC2AE8BDD0009A46B9 /* SceneDelegate.h */ = {isa = PBXFileReference; lastKnownFileType = sourcecode.c.h; path = SceneDelegate.h; sourceTree = "<group>"; };
		6955A2DD2AE8BDD0009A46B9 /* SceneDelegate.m */ = {isa = PBXFileReference; lastKnownFileType = sourcecode.c.objc; path = SceneDelegate.m; sourceTree = "<group>"; };
		6955A2DF2AE8BDD0009A46B9 /* ViewController.h */ = {isa = PBXFileReference; lastKnownFileType = sourcecode.c.h; path = ViewController.h; sourceTree = "<group>"; };
		6955A2E02AE8BDD0009A46B9 /* ViewController.m */ = {isa = PBXFileReference; lastKnownFileType = sourcecode.c.objc; path = ViewController.m; sourceTree = "<group>"; };
		6955A2E32AE8BDD0009A46B9 /* Base */ = {isa = PBXFileReference; lastKnownFileType = file.storyboard; name = Base; path = Base.lproj/Main.storyboard; sourceTree = "<group>"; };
		6955A2E52AE8BDD1009A46B9 /* Assets.xcassets */ = {isa = PBXFileReference; lastKnownFileType = folder.assetcatalog; path = Assets.xcassets; sourceTree = "<group>"; };
		6955A2E82AE8BDD1009A46B9 /* Base */ = {isa = PBXFileReference; lastKnownFileType = file.storyboard; name = Base; path = Base.lproj/LaunchScreen.storyboard; sourceTree = "<group>"; };
		6955A2EA2AE8BDD1009A46B9 /* Info.plist */ = {isa = PBXFileReference; lastKnownFileType = text.plist.xml; path = Info.plist; sourceTree = "<group>"; };
		6955A2EB2AE8BDD1009A46B9 /* main.m */ = {isa = PBXFileReference; lastKnownFileType = sourcecode.c.objc; path = main.m; sourceTree = "<group>"; };
		B1C01300F13F90B2A3749F1A /* Pods-PresetTemplateDemo.debug.xcconfig */ = {isa = PBXFileReference; includeInIndex = 1; lastKnownFileType = text.xcconfig; name = "Pods-PresetTemplateDemo.debug.xcconfig"; path = "Target Support Files/Pods-PresetTemplateDemo/Pods-PresetTemplateDemo.debug.xcconfig"; sourceTree = "<group>"; };
		BEC3C8DF2F1B008888EF753E /* Pods_PresetTemplateDemo.framework */ = {isa = PBXFileReference; explicitFileType = wrapper.framework; includeInIndex = 0; path = Pods_PresetTemplateDemo.framework; sourceTree = BUILT_PRODUCTS_DIR; };
/* End PBXFileReference section */

/* Begin PBXFrameworksBuildPhase section */
		6955A2D32AE8BDD0009A46B9 /* Frameworks */ = {
			isa = PBXFrameworksBuildPhase;
			buildActionMask = 2147483647;
			files = (
				7EC1E1448F0E472B3A831D36 /* Pods_PresetTemplateDemo.framework in Frameworks */,
			);
			runOnlyForDeploymentPostprocessing = 0;
		};
/* End PBXFrameworksBuildPhase section */

/* Begin PBXGroup section */
		6955A2CD2AE8BDD0009A46B9 = {
			isa = PBXGroup;
			children = (
				6955A2D82AE8BDD0009A46B9 /* PresetTemplateDemo */,
				6955A2D72AE8BDD0009A46B9 /* Products */,
				9A1CD3FCA337A1D3F43B1043 /* Pods */,
				979799138271CEB4488A15E8 /* Frameworks */,
			);
			sourceTree = "<group>";
		};
		6955A2D72AE8BDD0009A46B9 /* Products */ = {
			isa = PBXGroup;
			children = (
				6955A2D62AE8BDD0009A46B9 /* PresetTemplateDemo.app */,
			);
			name = Products;
			sourceTree = "<group>";
		};
		6955A2D82AE8BDD0009A46B9 /* PresetTemplateDemo */ = {
			isa = PBXGroup;
			children = (
				6955A2D92AE8BDD0009A46B9 /* AppDelegate.h */,
				6955A2DA2AE8BDD0009A46B9 /* AppDelegate.m */,
				6955A2DC2AE8BDD0009A46B9 /* SceneDelegate.h */,
				6955A2DD2AE8BDD0009A46B9 /* SceneDelegate.m */,
				6955A2DF2AE8BDD0009A46B9 /* ViewController.h */,
				6955A2E02AE8BDD0009A46B9 /* ViewController.m */,
				6955A2E22AE8BDD0009A46B9 /* Main.storyboard */,
				6955A2E52AE8BDD1009A46B9 /* Assets.xcassets */,
				6955A2E72AE8BDD1009A46B9 /* LaunchScreen.storyboard */,
				6955A2EA2AE8BDD1009A46B9 /* Info.plist */,
				6955A2EB2AE8BDD1009A46B9 /* main.m */,
			);
			path = PresetTemplateDemo;
			sourceTree = "<group>";
		};
		979799138271CEB4488A15E8 /* Frameworks */ = {
			isa = PBXGroup;
			children = (
				BEC3C8DF2F1B008888EF753E /* Pods_PresetTemplateDemo.framework */,
			);
			name = Frameworks;
			sourceTree = "<group>";
		};
		9A1CD3FCA337A1D3F43B1043 /* Pods */ = {
			isa = PBXGroup;
			children = (
				B1C01300F13F90B2A3749F1A /* Pods-PresetTemplateDemo.debug.xcconfig */,
				43C515BCAF64DD6FF2B75257 /* Pods-PresetTemplateDemo.release.xcconfig */,
			);
			name = Pods;
			path = Pods;
			sourceTree = "<group>";
		};
/* End PBXGroup section */

/* Begin PBXNativeTarget section */
		6955A2D52AE8BDD0009A46B9 /* PresetTemplateDemo */ = {
			isa = PBXNativeTarget;
			buildConfigurationList = 6955A2EF2AE8BDD1009A46B9 /* Build configuration list for PBXNativeTarget "PresetTemplateDemo" */;
			buildPhases = (
				05E1C498065507D3F9E26ACD /* [CP] Check Pods Manifest.lock */,
				6955A2D22AE8BDD0009A46B9 /* Sources */,
				6955A2D32AE8BDD0009A46B9 /* Frameworks */,
				6955A2D42AE8BDD0009A46B9 /* Resources */,
				57A7F690D3F1DAD3F7A0ABC9 /* [CP] Embed Pods Frameworks */,
			);
			buildRules = (
			);
			dependencies = (
			);
			name = PresetTemplateDemo;
			productName = PresetTemplateDemo;
			productReference = 6955A2D62AE8BDD0009A46B9 /* PresetTemplateDemo.app */;
			productType = "com.apple.product-type.application";
		};
/* End PBXNativeTarget section */

/* Begin PBXProject section */
		6955A2CE2AE8BDD0009A46B9 /* Project object */ = {
			isa = PBXProject;
			attributes = {
				BuildIndependentTargetsInParallel = 1;
				LastUpgradeCheck = 1430;
				TargetAttributes = {
					6955A2D52AE8BDD0009A46B9 = {
						CreatedOnToolsVersion = 14.3.1;
					};
				};
			};
			buildConfigurationList = 6955A2D12AE8BDD0009A46B9 /* Build configuration list for PBXProject "PresetTemplateDemo" */;
			compatibilityVersion = "Xcode 14.0";
			developmentRegion = en;
			hasScannedForEncodings = 0;
			knownRegions = (
				en,
				Base,
			);
			mainGroup = 6955A2CD2AE8BDD0009A46B9;
			productRefGroup = 6955A2D72AE8BDD0009A46B9 /* Products */;
			projectDirPath = "";
			projectRoot = "";
			targets = (
				6955A2D52AE8BDD0009A46B9 /* PresetTemplateDemo */,
			);
		};
/* End PBXProject section */

/* Begin PBXResourcesBuildPhase section */
		6955A2D42AE8BDD0009A46B9 /* Resources */ = {
			isa = PBXResourcesBuildPhase;
			buildActionMask = 2147483647;
			files = (
				6955A2E92AE8BDD1009A46B9 /* LaunchScreen.storyboard in Resources */,
				6955A2E62AE8BDD1009A46B9 /* Assets.xcassets in Resources */,
				6955A2E42AE8BDD0009A46B9 /* Main.storyboard in Resources */,
			);
			runOnlyForDeploymentPostprocessing = 0;
		};
/* End PBXResourcesBuildPhase section */

/* Begin PBXShellScriptBuildPhase section */
		05E1C498065507D3F9E26ACD /* [CP] Check Pods Manifest.lock */ = {
			isa = PBXShellScriptBuildPhase;
			buildActionMask = 2147483647;
			files = (
			);
			inputFileListPaths = (
			);
			inputPaths = (
				"${PODS_PODFILE_DIR_PATH}/Podfile.lock",
				"${PODS_ROOT}/Manifest.lock",
			);
			name = "[CP] Check Pods Manifest.lock";
			outputFileListPaths = (
			);
			outputPaths = (
				"$(DERIVED_FILE_DIR)/Pods-PresetTemplateDemo-checkManifestLockResult.txt",
			);
			runOnlyForDeploymentPostprocessing = 0;
			shellPath = /bin/sh;
			shellScript = "diff \"${PODS_PODFILE_DIR_PATH}/Podfile.lock\" \"${PODS_ROOT}/Manifest.lock\" > /dev/null\nif [ $? != 0 ] ; then\n    # print error to STDERR\n    echo \"error: The sandbox is not in sync with the Podfile.lock. Run 'pod install' or update your CocoaPods installation.\" >&2\n    exit 1\nfi\n# This output is used by Xcode 'outputs' to avoid re-running this script phase.\necho \"SUCCESS\" > \"${SCRIPT_OUTPUT_FILE_0}\"\n";
			showEnvVarsInLog = 0;
		};
		57A7F690D3F1DAD3F7A0ABC9 /* [CP] Embed Pods Frameworks */ = {
			isa = PBXShellScriptBuildPhase;
			buildActionMask = 2147483647;
			files = (
			);
			inputFileListPaths = (
				"${PODS_ROOT}/Target Support Files/Pods-PresetTemplateDemo/Pods-PresetTemplateDemo-frameworks-${CONFIGURATION}-input-files.xcfilelist",
			);
			name = "[CP] Embed Pods Frameworks";
			outputFileListPaths = (
				"${PODS_ROOT}/Target Support Files/Pods-PresetTemplateDemo/Pods-PresetTemplateDemo-frameworks-${CONFIGURATION}-output-files.xcfilelist",
			);
			runOnlyForDeploymentPostprocessing = 0;
			shellPath = /bin/sh;
			shellScript = "\"${PODS_ROOT}/Target Support Files/Pods-PresetTemplateDemo/Pods-PresetTemplateDemo-frameworks.sh\"\n";
			showEnvVarsInLog = 0;
		};
/* End PBXShellScriptBuildPhase section */

/* Begin PBXSourcesBuildPhase section */
		6955A2D22AE8BDD0009A46B9 /* Sources */ = {
			isa = PBXSourcesBuildPhase;
			buildActionMask = 2147483647;
			files = (
				6955A2E12AE8BDD0009A46B9 /* ViewController.m in Sources */,
				6955A2DB2AE8BDD0009A46B9 /* AppDelegate.m in Sources */,
				6955A2EC2AE8BDD1009A46B9 /* main.m in Sources */,
				6955A2DE2AE8BDD0009A46B9 /* SceneDelegate.m in Sources */,
			);
			runOnlyForDeploymentPostprocessing = 0;
		};
/* End PBXSourcesBuildPhase section */

/* Begin PBXVariantGroup section */
		6955A2E22AE8BDD0009A46B9 /* Main.storyboard */ = {
			isa = PBXVariantGroup;
			children = (
				6955A2E32AE8BDD0009A46B9 /* Base */,
			);
			name = Main.storyboard;
			sourceTree = "<group>";
		};
		6955A2E72AE8BDD1009A46B9 /* LaunchScreen.storyboard */ = {
			isa = PBXVariantGroup;
			children = (
				6955A2E82AE8BDD1009A46B9 /* Base */,
			);
			name = LaunchScreen.storyboard;
			sourceTree = "<group>";
		};
/* End PBXVariantGroup section */

/* Begin XCBuildConfiguration section */
		6955A2ED2AE8BDD1009A46B9 /* Debug */ = {
			isa = XCBuildConfiguration;
			buildSettings = {
				ALWAYS_SEARCH_USER_PATHS = NO;
				CLANG_ANALYZER_NONNULL = YES;
				CLANG_ANALYZER_NUMBER_OBJECT_CONVERSION = YES_AGGRESSIVE;
				CLANG_CXX_LANGUAGE_STANDARD = "gnu++20";
				CLANG_ENABLE_MODULES = YES;
				CLANG_ENABLE_OBJC_ARC = YES;
				CLANG_ENABLE_OBJC_WEAK = YES;
				CLANG_WARN_BLOCK_CAPTURE_AUTORELEASING = YES;
				CLANG_WARN_BOOL_CONVERSION = YES;
				CLANG_WARN_COMMA = YES;
				CLANG_WARN_CONSTANT_CONVERSION = YES;
				CLANG_WARN_DEPRECATED_OBJC_IMPLEMENTATIONS = YES;
				CLANG_WARN_DIRECT_OBJC_ISA_USAGE = YES_ERROR;
				CLANG_WARN_DOCUMENTATION_COMMENTS = YES;
				CLANG_WARN_EMPTY_BODY = YES;
				CLANG_WARN_ENUM_CONVERSION = YES;
				CLANG_WARN_INFINITE_RECURSION = YES;
				CLANG_WARN_INT_CONVERSION = YES;
				CLANG_WARN_NON_LITERAL_NULL_CONVERSION = YES;
				CLANG_WARN_OBJC_IMPLICIT_RETAIN_SELF = YES;
				CLANG_WARN_OBJC_LITERAL_CONVERSION = YES;
				CLANG_WARN_OBJC_ROOT_CLASS = YES_ERROR;
				CLANG_WARN_QUOTED_INCLUDE_IN_FRAMEWORK_HEADER = YES;
				CLANG_WARN_RANGE_LOOP_ANALYSIS = YES;
				CLANG_WARN_STRICT_PROTOTYPES = YES;
				CLANG_WARN_SUSPICIOUS_MOVE = YES;
				CLANG_WARN_UNGUARDED_AVAILABILITY = YES_AGGRESSIVE;
				CLANG_WARN_UNREACHABLE_CODE = YES;
				CLANG_WARN__DUPLICATE_METHOD_MATCH = YES;
				COPY_PHASE_STRIP = NO;
				DEBUG_INFORMATION_FORMAT = dwarf;
				ENABLE_STRICT_OBJC_MSGSEND = YES;
				ENABLE_TESTABILITY = YES;
				GCC_C_LANGUAGE_STANDARD = gnu11;
				GCC_DYNAMIC_NO_PIC = NO;
				GCC_NO_COMMON_BLOCKS = YES;
				GCC_OPTIMIZATION_LEVEL = 0;
				GCC_PREPROCESSOR_DEFINITIONS = (
					"DEBUG=1",
					"$(inherited)",
				);
				GCC_WARN_64_TO_32_BIT_CONVERSION = YES;
				GCC_WARN_ABOUT_RETURN_TYPE = YES_ERROR;
				GCC_WARN_UNDECLARED_SELECTOR = YES;
				GCC_WARN_UNINITIALIZED_AUTOS = YES_AGGRESSIVE;
				GCC_WARN_UNUSED_FUNCTION = YES;
				GCC_WARN_UNUSED_VARIABLE = YES;
				IPHONEOS_DEPLOYMENT_TARGET = 16.4;
				MTL_ENABLE_DEBUG_INFO = INCLUDE_SOURCE;
				MTL_FAST_MATH = YES;
				ONLY_ACTIVE_ARCH = YES;
				SDKROOT = iphoneos;
			};
			name = Debug;
		};
		6955A2EE2AE8BDD1009A46B9 /* Release */ = {
			isa = XCBuildConfiguration;
			buildSettings = {
				ALWAYS_SEARCH_USER_PATHS = NO;
				CLANG_ANALYZER_NONNULL = YES;
				CLANG_ANALYZER_NUMBER_OBJECT_CONVERSION = YES_AGGRESSIVE;
				CLANG_CXX_LANGUAGE_STANDARD = "gnu++20";
				CLANG_ENABLE_MODULES = YES;
				CLANG_ENABLE_OBJC_ARC = YES;
				CLANG_ENABLE_OBJC_WEAK = YES;
				CLANG_WARN_BLOCK_CAPTURE_AUTORELEASING = YES;
				CLANG_WARN_BOOL_CONVERSION = YES;
				CLANG_WARN_COMMA = YES;
				CLANG_WARN_CONSTANT_CONVERSION = YES;
				CLANG_WARN_DEPRECATED_OBJC_IMPLEMENTATIONS = YES;
				CLANG_WARN_DIRECT_OBJC_ISA_USAGE = YES_ERROR;
				CLANG_WARN_DOCUMENTATION_COMMENTS = YES;
				CLANG_WARN_EMPTY_BODY = YES;
				CLANG_WARN_ENUM_CONVERSION = YES;
				CLANG_WARN_INFINITE_RECURSION = YES;
				CLANG_WARN_INT_CONVERSION = YES;
				CLANG_WARN_NON_LITERAL_NULL_CONVERSION = YES;
				CLANG_WARN_OBJC_IMPLICIT_RETAIN_SELF = YES;
				CLANG_WARN_OBJC_LITERAL_CONVERSION = YES;
				CLANG_WARN_OBJC_ROOT_CLASS = YES_ERROR;
				CLANG_WARN_QUOTED_INCLUDE_IN_FRAMEWORK_HEADER = YES;
				CLANG_WARN_RANGE_LOOP_ANALYSIS = YES;
				CLANG_WARN_STRICT_PROTOTYPES = YES;
				CLANG_WARN_SUSPICIOUS_MOVE = YES;
				CLANG_WARN_UNGUARDED_AVAILABILITY = YES_AGGRESSIVE;
				CLANG_WARN_UNREACHABLE_CODE = YES;
				CLANG_WARN__DUPLICATE_METHOD_MATCH = YES;
				COPY_PHASE_STRIP = NO;
				DEBUG_INFORMATION_FORMAT = "dwarf-with-dsym";
				ENABLE_NS_ASSERTIONS = NO;
				ENABLE_STRICT_OBJC_MSGSEND = YES;
				GCC_C_LANGUAGE_STANDARD = gnu11;
				GCC_NO_COMMON_BLOCKS = YES;
				GCC_WARN_64_TO_32_BIT_CONVERSION = YES;
				GCC_WARN_ABOUT_RETURN_TYPE = YES_ERROR;
				GCC_WARN_UNDECLARED_SELECTOR = YES;
				GCC_WARN_UNINITIALIZED_AUTOS = YES_AGGRESSIVE;
				GCC_WARN_UNUSED_FUNCTION = YES;
				GCC_WARN_UNUSED_VARIABLE = YES;
				IPHONEOS_DEPLOYMENT_TARGET = 16.4;
				MTL_ENABLE_DEBUG_INFO = NO;
				MTL_FAST_MATH = YES;
				SDKROOT = iphoneos;
				VALIDATE_PRODUCT = YES;
			};
			name = Release;
		};
		6955A2F02AE8BDD1009A46B9 /* Debug */ = {
			isa = XCBuildConfiguration;
			baseConfigurationReference = B1C01300F13F90B2A3749F1A /* Pods-PresetTemplateDemo.debug.xcconfig */;
			buildSettings = {
				ASSETCATALOG_COMPILER_APPICON_NAME = AppIcon;
				ASSETCATALOG_COMPILER_GLOBAL_ACCENT_COLOR_NAME = AccentColor;
				CODE_SIGN_STYLE = Automatic;
				CURRENT_PROJECT_VERSION = 1;
				DEVELOPMENT_TEAM = TXK3J8QHU9;
				GENERATE_INFOPLIST_FILE = YES;
				INFOPLIST_FILE = PresetTemplateDemo/Info.plist;
				INFOPLIST_KEY_UIApplicationSupportsIndirectInputEvents = YES;
				INFOPLIST_KEY_UILaunchStoryboardName = LaunchScreen;
				INFOPLIST_KEY_UIMainStoryboardFile = Main;
				INFOPLIST_KEY_UISupportedInterfaceOrientations_iPad = "UIInterfaceOrientationPortrait UIInterfaceOrientationPortraitUpsideDown UIInterfaceOrientationLandscapeLeft UIInterfaceOrientationLandscapeRight";
				INFOPLIST_KEY_UISupportedInterfaceOrientations_iPhone = "UIInterfaceOrientationPortrait UIInterfaceOrientationLandscapeLeft UIInterfaceOrientationLandscapeRight";
				LD_RUNPATH_SEARCH_PATHS = (
					"$(inherited)",
					"@executable_path/Frameworks",
				);
				MARKETING_VERSION = 1.0;
				PRODUCT_BUNDLE_IDENTIFIER = cn.thinkingdata.analytics.PresetTemplateDemo;
				PRODUCT_NAME = "$(TARGET_NAME)";
				SWIFT_EMIT_LOC_STRINGS = YES;
				TARGETED_DEVICE_FAMILY = "1,2";
			};
			name = Debug;
		};
		6955A2F12AE8BDD1009A46B9 /* Release */ = {
			isa = XCBuildConfiguration;
			baseConfigurationReference = 43C515BCAF64DD6FF2B75257 /* Pods-PresetTemplateDemo.release.xcconfig */;
			buildSettings = {
				ASSETCATALOG_COMPILER_APPICON_NAME = AppIcon;
				ASSETCATALOG_COMPILER_GLOBAL_ACCENT_COLOR_NAME = AccentColor;
				CODE_SIGN_STYLE = Automatic;
				CURRENT_PROJECT_VERSION = 1;
				DEVELOPMENT_TEAM = TXK3J8QHU9;
				GENERATE_INFOPLIST_FILE = YES;
				INFOPLIST_FILE = PresetTemplateDemo/Info.plist;
				INFOPLIST_KEY_UIApplicationSupportsIndirectInputEvents = YES;
				INFOPLIST_KEY_UILaunchStoryboardName = LaunchScreen;
				INFOPLIST_KEY_UIMainStoryboardFile = Main;
				INFOPLIST_KEY_UISupportedInterfaceOrientations_iPad = "UIInterfaceOrientationPortrait UIInterfaceOrientationPortraitUpsideDown UIInterfaceOrientationLandscapeLeft UIInterfaceOrientationLandscapeRight";
				INFOPLIST_KEY_UISupportedInterfaceOrientations_iPhone = "UIInterfaceOrientationPortrait UIInterfaceOrientationLandscapeLeft UIInterfaceOrientationLandscapeRight";
				LD_RUNPATH_SEARCH_PATHS = (
					"$(inherited)",
					"@executable_path/Frameworks",
				);
				MARKETING_VERSION = 1.0;
				PRODUCT_BUNDLE_IDENTIFIER = cn.thinkingdata.analytics.PresetTemplateDemo;
				PRODUCT_NAME = "$(TARGET_NAME)";
				SWIFT_EMIT_LOC_STRINGS = YES;
				TARGETED_DEVICE_FAMILY = "1,2";
			};
			name = Release;
		};
/* End XCBuildConfiguration section */

/* Begin XCConfigurationList section */
		6955A2D12AE8BDD0009A46B9 /* Build configuration list for PBXProject "PresetTemplateDemo" */ = {
			isa = XCConfigurationList;
			buildConfigurations = (
				6955A2ED2AE8BDD1009A46B9 /* Debug */,
				6955A2EE2AE8BDD1009A46B9 /* Release */,
			);
			defaultConfigurationIsVisible = 0;
			defaultConfigurationName = Release;
		};
		6955A2EF2AE8BDD1009A46B9 /* Build configuration list for PBXNativeTarget "PresetTemplateDemo" */ = {
			isa = XCConfigurationList;
			buildConfigurations = (
				6955A2F02AE8BDD1009A46B9 /* Debug */,
				6955A2F12AE8BDD1009A46B9 /* Release */,
			);
			defaultConfigurationIsVisible = 0;
			defaultConfigurationName = Release;
		};
/* End XCConfigurationList section */
	};
	rootObject = 6955A2CE2AE8BDD0009A46B9 /* Project object */;
}
